// !$*UTF8*$!
{
	archiveVersion = 1;
	classes = {
	};
	objectVersion = 46;
	objects = {

/* Begin PBXBuildFile section */
		60794B2FCE745AB18AA6DB67 /* Pods_DownloadManagerTests.framework in Frameworks */ = {isa = PBXBuildFile; fileRef = 189E6BCD5849C5F7F9C01FE5 /* Pods_DownloadManagerTests.framework */; };
		6F197475560B241F6FC6D870 /* Pods_DownloadManager.framework in Frameworks */ = {isa = PBXBuildFile; fileRef = 7217F4A220915B2FAD4541BF /* Pods_DownloadManager.framework */; };
		8A5880BF1F1D470700AC1650 /* LogsTableViewController.swift in Sources */ = {isa = PBXBuildFile; fileRef = 8A5880BE1F1D470700AC1650 /* LogsTableViewController.swift */; };
		8A5880C21F1F35DC00AC1650 /* Data.xcdatamodeld in Sources */ = {isa = PBXBuildFile; fileRef = 8A5880C01F1F35DC00AC1650 /* Data.xcdatamodeld */; };
		8A7E12931F0FE60E00D3DCFE /* AppDelegate.swift in Sources */ = {isa = PBXBuildFile; fileRef = 8A7E12921F0FE60E00D3DCFE /* AppDelegate.swift */; };
		8A7E12981F0FE60E00D3DCFE /* Main.storyboard in Resources */ = {isa = PBXBuildFile; fileRef = 8A7E12961F0FE60E00D3DCFE /* Main.storyboard */; };
		8A7E129A1F0FE60E00D3DCFE /* Assets.xcassets in Resources */ = {isa = PBXBuildFile; fileRef = 8A7E12991F0FE60E00D3DCFE /* Assets.xcassets */; };
		8A7E129D1F0FE60E00D3DCFE /* LaunchScreen.storyboard in Resources */ = {isa = PBXBuildFile; fileRef = 8A7E129B1F0FE60E00D3DCFE /* LaunchScreen.storyboard */; };
		8A7E12A81F0FE60E00D3DCFE /* DownloadManagerTests.swift in Sources */ = {isa = PBXBuildFile; fileRef = 8A7E12A71F0FE60E00D3DCFE /* DownloadManagerTests.swift */; };
		8A9F06A11F153C640027F819 /* DownloadLinkClass.swift in Sources */ = {isa = PBXBuildFile; fileRef = 8A9F06A01F153C640027F819 /* DownloadLinkClass.swift */; };
		8A9F06A41F153F9E0027F819 /* LinksManager.swift in Sources */ = {isa = PBXBuildFile; fileRef = 8A9F06A31F153F9E0027F819 /* LinksManager.swift */; };
		8A9F06A81F154BE70027F819 /* NewViewController.swift in Sources */ = {isa = PBXBuildFile; fileRef = 8A9F06A71F154BE70027F819 /* NewViewController.swift */; };
/* End PBXBuildFile section */

/* Begin PBXContainerItemProxy section */
		8A7E12A41F0FE60E00D3DCFE /* PBXContainerItemProxy */ = {
			isa = PBXContainerItemProxy;
			containerPortal = 8A7E12871F0FE60E00D3DCFE /* Project object */;
			proxyType = 1;
			remoteGlobalIDString = 8A7E128E1F0FE60E00D3DCFE;
			remoteInfo = DownloadManager;
		};
/* End PBXContainerItemProxy section */

/* Begin PBXFileReference section */
		189E6BCD5849C5F7F9C01FE5 /* Pods_DownloadManagerTests.framework */ = {isa = PBXFileReference; explicitFileType = wrapper.framework; includeInIndex = 0; path = Pods_DownloadManagerTests.framework; sourceTree = BUILT_PRODUCTS_DIR; };
		2535017BD110F2717BD04E80 /* Pods-DownloadManager.debug.xcconfig */ = {isa = PBXFileReference; includeInIndex = 1; lastKnownFileType = text.xcconfig; name = "Pods-DownloadManager.debug.xcconfig"; path = "Pods/Target Support Files/Pods-DownloadManager/Pods-DownloadManager.debug.xcconfig"; sourceTree = "<group>"; };
		7217F4A220915B2FAD4541BF /* Pods_DownloadManager.framework */ = {isa = PBXFileReference; explicitFileType = wrapper.framework; includeInIndex = 0; path = Pods_DownloadManager.framework; sourceTree = BUILT_PRODUCTS_DIR; };
		727322D5832826274077288D /* Pods-DownloadManagerTests.release.xcconfig */ = {isa = PBXFileReference; includeInIndex = 1; lastKnownFileType = text.xcconfig; name = "Pods-DownloadManagerTests.release.xcconfig"; path = "Pods/Target Support Files/Pods-DownloadManagerTests/Pods-DownloadManagerTests.release.xcconfig"; sourceTree = "<group>"; };
		8A5880BE1F1D470700AC1650 /* LogsTableViewController.swift */ = {isa = PBXFileReference; fileEncoding = 4; lastKnownFileType = sourcecode.swift; path = LogsTableViewController.swift; sourceTree = "<group>"; };
		8A5880C11F1F35DC00AC1650 /* Data.xcdatamodel */ = {isa = PBXFileReference; lastKnownFileType = wrapper.xcdatamodel; path = Data.xcdatamodel; sourceTree = "<group>"; };
		8A6064641F48BD4800E4D5A9 /* DownloadManager-Bridging-Header.h */ = {isa = PBXFileReference; lastKnownFileType = sourcecode.c.h; name = "DownloadManager-Bridging-Header.h"; path = "DownloadManager/DownloadManager-Bridging-Header.h"; sourceTree = "<group>"; };
		8A7E128F1F0FE60E00D3DCFE /* DownloadManager.app */ = {isa = PBXFileReference; explicitFileType = wrapper.application; includeInIndex = 0; path = DownloadManager.app; sourceTree = BUILT_PRODUCTS_DIR; };
		8A7E12921F0FE60E00D3DCFE /* AppDelegate.swift */ = {isa = PBXFileReference; lastKnownFileType = sourcecode.swift; path = AppDelegate.swift; sourceTree = "<group>"; };
		8A7E12971F0FE60E00D3DCFE /* Base */ = {isa = PBXFileReference; lastKnownFileType = file.storyboard; name = Base; path = Base.lproj/Main.storyboard; sourceTree = "<group>"; };
		8A7E12991F0FE60E00D3DCFE /* Assets.xcassets */ = {isa = PBXFileReference; lastKnownFileType = folder.assetcatalog; path = Assets.xcassets; sourceTree = "<group>"; };
		8A7E129C1F0FE60E00D3DCFE /* Base */ = {isa = PBXFileReference; lastKnownFileType = file.storyboard; name = Base; path = Base.lproj/LaunchScreen.storyboard; sourceTree = "<group>"; };
		8A7E129E1F0FE60E00D3DCFE /* Info.plist */ = {isa = PBXFileReference; lastKnownFileType = text.plist.xml; path = Info.plist; sourceTree = "<group>"; };
		8A7E12A31F0FE60E00D3DCFE /* DownloadManagerTests.xctest */ = {isa = PBXFileReference; explicitFileType = wrapper.cfbundle; includeInIndex = 0; path = DownloadManagerTests.xctest; sourceTree = BUILT_PRODUCTS_DIR; };
		8A7E12A71F0FE60E00D3DCFE /* DownloadManagerTests.swift */ = {isa = PBXFileReference; lastKnownFileType = sourcecode.swift; path = DownloadManagerTests.swift; sourceTree = "<group>"; };
		8A7E12A91F0FE60E00D3DCFE /* Info.plist */ = {isa = PBXFileReference; lastKnownFileType = text.plist.xml; path = Info.plist; sourceTree = "<group>"; };
		8A9F06A01F153C640027F819 /* DownloadLinkClass.swift */ = {isa = PBXFileReference; fileEncoding = 4; lastKnownFileType = sourcecode.swift; path = DownloadLinkClass.swift; sourceTree = "<group>"; };
		8A9F06A31F153F9E0027F819 /* LinksManager.swift */ = {isa = PBXFileReference; fileEncoding = 4; lastKnownFileType = sourcecode.swift; path = LinksManager.swift; sourceTree = "<group>"; };
		8A9F06A71F154BE70027F819 /* NewViewController.swift */ = {isa = PBXFileReference; fileEncoding = 4; lastKnownFileType = sourcecode.swift; path = NewViewController.swift; sourceTree = "<group>"; };
		91C61BF2773C8D771F21A152 /* Pods-DownloadManager.release.xcconfig */ = {isa = PBXFileReference; includeInIndex = 1; lastKnownFileType = text.xcconfig; name = "Pods-DownloadManager.release.xcconfig"; path = "Pods/Target Support Files/Pods-DownloadManager/Pods-DownloadManager.release.xcconfig"; sourceTree = "<group>"; };
		9AB1AC488AF97E0364C240C8 /* Pods-DownloadManagerTests.debug.xcconfig */ = {isa = PBXFileReference; includeInIndex = 1; lastKnownFileType = text.xcconfig; name = "Pods-DownloadManagerTests.debug.xcconfig"; path = "Pods/Target Support Files/Pods-DownloadManagerTests/Pods-DownloadManagerTests.debug.xcconfig"; sourceTree = "<group>"; };
/* End PBXFileReference section */

/* Begin PBXFrameworksBuildPhase section */
		8A7E128C1F0FE60E00D3DCFE /* Frameworks */ = {
			isa = PBXFrameworksBuildPhase;
			buildActionMask = 2147483647;
			files = (
				6F197475560B241F6FC6D870 /* Pods_DownloadManager.framework in Frameworks */,
			);
			runOnlyForDeploymentPostprocessing = 0;
		};
		8A7E12A01F0FE60E00D3DCFE /* Frameworks */ = {
			isa = PBXFrameworksBuildPhase;
			buildActionMask = 2147483647;
			files = (
				60794B2FCE745AB18AA6DB67 /* Pods_DownloadManagerTests.framework in Frameworks */,
			);
			runOnlyForDeploymentPostprocessing = 0;
		};
/* End PBXFrameworksBuildPhase section */

/* Begin PBXGroup section */
		5B3248456B91ED192A7A5DF4 /* Pods */ = {
			isa = PBXGroup;
			children = (
				2535017BD110F2717BD04E80 /* Pods-DownloadManager.debug.xcconfig */,
				91C61BF2773C8D771F21A152 /* Pods-DownloadManager.release.xcconfig */,
				9AB1AC488AF97E0364C240C8 /* Pods-DownloadManagerTests.debug.xcconfig */,
				727322D5832826274077288D /* Pods-DownloadManagerTests.release.xcconfig */,
			);
			name = Pods;
			sourceTree = "<group>";
		};
		7A1E6C24D3E5F3086550A108 /* Frameworks */ = {
			isa = PBXGroup;
			children = (
				7217F4A220915B2FAD4541BF /* Pods_DownloadManager.framework */,
				189E6BCD5849C5F7F9C01FE5 /* Pods_DownloadManagerTests.framework */,
			);
			name = Frameworks;
			sourceTree = "<group>";
		};
		8A5880C31F1F35E400AC1650 /* DATA */ = {
			isa = PBXGroup;
			children = (
				8A5880C01F1F35DC00AC1650 /* Data.xcdatamodeld */,
			);
			name = DATA;
			sourceTree = "<group>";
		};
		8A5D47F71F16C900007FF24B /* SupportingFiles */ = {
			isa = PBXGroup;
			children = (
				8A7E12991F0FE60E00D3DCFE /* Assets.xcassets */,
				8A7E129B1F0FE60E00D3DCFE /* LaunchScreen.storyboard */,
				8A7E129E1F0FE60E00D3DCFE /* Info.plist */,
				8A7E12921F0FE60E00D3DCFE /* AppDelegate.swift */,
			);
			name = SupportingFiles;
			sourceTree = "<group>";
		};
		8A5D47F81F16C920007FF24B /* Views */ = {
			isa = PBXGroup;
			children = (
				8A7E12961F0FE60E00D3DCFE /* Main.storyboard */,
			);
			name = Views;
			sourceTree = "<group>";
		};
		8A7E12861F0FE60E00D3DCFE = {
			isa = PBXGroup;
			children = (
				8A6064641F48BD4800E4D5A9 /* DownloadManager-Bridging-Header.h */,
				8A7E12911F0FE60E00D3DCFE /* DownloadManager */,
				8A7E12A61F0FE60E00D3DCFE /* DownloadManagerTests */,
				8A7E12901F0FE60E00D3DCFE /* Products */,
				5B3248456B91ED192A7A5DF4 /* Pods */,
				7A1E6C24D3E5F3086550A108 /* Frameworks */,
			);
			sourceTree = "<group>";
		};
		8A7E12901F0FE60E00D3DCFE /* Products */ = {
			isa = PBXGroup;
			children = (
				8A7E128F1F0FE60E00D3DCFE /* DownloadManager.app */,
				8A7E12A31F0FE60E00D3DCFE /* DownloadManagerTests.xctest */,
			);
			name = Products;
			sourceTree = "<group>";
		};
		8A7E12911F0FE60E00D3DCFE /* DownloadManager */ = {
			isa = PBXGroup;
			children = (
				8A5D47F71F16C900007FF24B /* SupportingFiles */,
				8A9F069F1F153B720027F819 /* Controllers */,
				8A5D47F81F16C920007FF24B /* Views */,
				8A9F06A21F153C680027F819 /* Classes */,
				8A5880C31F1F35E400AC1650 /* DATA */,
			);
			path = DownloadManager;
			sourceTree = "<group>";
		};
		8A7E12A61F0FE60E00D3DCFE /* DownloadManagerTests */ = {
			isa = PBXGroup;
			children = (
				8A7E12A71F0FE60E00D3DCFE /* DownloadManagerTests.swift */,
				8A7E12A91F0FE60E00D3DCFE /* Info.plist */,
			);
			path = DownloadManagerTests;
			sourceTree = "<group>";
		};
		8A9F069F1F153B720027F819 /* Controllers */ = {
			isa = PBXGroup;
			children = (
				8A9F06A71F154BE70027F819 /* NewViewController.swift */,
				8A5880BE1F1D470700AC1650 /* LogsTableViewController.swift */,
			);
			name = Controllers;
			sourceTree = "<group>";
		};
		8A9F06A21F153C680027F819 /* Classes */ = {
			isa = PBXGroup;
			children = (
				8A9F06A01F153C640027F819 /* DownloadLinkClass.swift */,
				8A9F06A31F153F9E0027F819 /* LinksManager.swift */,
			);
			name = Classes;
			sourceTree = "<group>";
		};
/* End PBXGroup section */

/* Begin PBXNativeTarget section */
		8A7E128E1F0FE60E00D3DCFE /* DownloadManager */ = {
			isa = PBXNativeTarget;
			buildConfigurationList = 8A7E12AC1F0FE60E00D3DCFE /* Build configuration list for PBXNativeTarget "DownloadManager" */;
			buildPhases = (
				7AF5A8149809DF0A2EF4EE71 /* [CP] Check Pods Manifest.lock */,
				8A7E128B1F0FE60E00D3DCFE /* Sources */,
				8A7E128C1F0FE60E00D3DCFE /* Frameworks */,
				8A7E128D1F0FE60E00D3DCFE /* Resources */,
				5181E7F1A5DEAC64327DFE22 /* [CP] Embed Pods Frameworks */,
				78BBB6D5D6D9954D9BCDE2EA /* [CP] Copy Pods Resources */,
			);
			buildRules = (
			);
			dependencies = (
			);
			name = DownloadManager;
			productName = DownloadManager;
			productReference = 8A7E128F1F0FE60E00D3DCFE /* DownloadManager.app */;
			productType = "com.apple.product-type.application";
		};
		8A7E12A21F0FE60E00D3DCFE /* DownloadManagerTests */ = {
			isa = PBXNativeTarget;
			buildConfigurationList = 8A7E12AF1F0FE60E00D3DCFE /* Build configuration list for PBXNativeTarget "DownloadManagerTests" */;
			buildPhases = (
				1DBB635B7F28A21EE5DF99DE /* [CP] Check Pods Manifest.lock */,
				8A7E129F1F0FE60E00D3DCFE /* Sources */,
				8A7E12A01F0FE60E00D3DCFE /* Frameworks */,
				8A7E12A11F0FE60E00D3DCFE /* Resources */,
				B277746B26D047A57431923D /* [CP] Embed Pods Frameworks */,
				1C069FA3117BD4987B76CDB5 /* [CP] Copy Pods Resources */,
			);
			buildRules = (
			);
			dependencies = (
				8A7E12A51F0FE60E00D3DCFE /* PBXTargetDependency */,
			);
			name = DownloadManagerTests;
			productName = DownloadManagerTests;
			productReference = 8A7E12A31F0FE60E00D3DCFE /* DownloadManagerTests.xctest */;
			productType = "com.apple.product-type.bundle.unit-test";
		};
/* End PBXNativeTarget section */

/* Begin PBXProject section */
		8A7E12871F0FE60E00D3DCFE /* Project object */ = {
			isa = PBXProject;
			attributes = {
				LastSwiftUpdateCheck = 0830;
				LastUpgradeCheck = 0830;
				ORGANIZATIONNAME = "MobileIron Professional Services";
				TargetAttributes = {
					8A7E128E1F0FE60E00D3DCFE = {
						CreatedOnToolsVersion = 8.3.3;
						DevelopmentTeam = RGDRCE4A47;
						ProvisioningStyle = Automatic;
					};
					8A7E12A21F0FE60E00D3DCFE = {
						CreatedOnToolsVersion = 8.3.3;
						DevelopmentTeam = U7Y43S7H46;
						ProvisioningStyle = Automatic;
						TestTargetID = 8A7E128E1F0FE60E00D3DCFE;
					};
				};
			};
			buildConfigurationList = 8A7E128A1F0FE60E00D3DCFE /* Build configuration list for PBXProject "DownloadManager" */;
			compatibilityVersion = "Xcode 3.2";
			developmentRegion = English;
			hasScannedForEncodings = 0;
			knownRegions = (
				en,
				Base,
			);
			mainGroup = 8A7E12861F0FE60E00D3DCFE;
			productRefGroup = 8A7E12901F0FE60E00D3DCFE /* Products */;
			projectDirPath = "";
			projectRoot = "";
			targets = (
				8A7E128E1F0FE60E00D3DCFE /* DownloadManager */,
				8A7E12A21F0FE60E00D3DCFE /* DownloadManagerTests */,
			);
		};
/* End PBXProject section */

/* Begin PBXResourcesBuildPhase section */
		8A7E128D1F0FE60E00D3DCFE /* Resources */ = {
			isa = PBXResourcesBuildPhase;
			buildActionMask = 2147483647;
			files = (
				8A7E129D1F0FE60E00D3DCFE /* LaunchScreen.storyboard in Resources */,
				8A7E129A1F0FE60E00D3DCFE /* Assets.xcassets in Resources */,
				8A7E12981F0FE60E00D3DCFE /* Main.storyboard in Resources */,
			);
			runOnlyForDeploymentPostprocessing = 0;
		};
		8A7E12A11F0FE60E00D3DCFE /* Resources */ = {
			isa = PBXResourcesBuildPhase;
			buildActionMask = 2147483647;
			files = (
			);
			runOnlyForDeploymentPostprocessing = 0;
		};
/* End PBXResourcesBuildPhase section */

/* Begin PBXShellScriptBuildPhase section */
		1C069FA3117BD4987B76CDB5 /* [CP] Copy Pods Resources */ = {
			isa = PBXShellScriptBuildPhase;
			buildActionMask = 2147483647;
			files = (
			);
			inputPaths = (
			);
			name = "[CP] Copy Pods Resources";
			outputPaths = (
			);
			runOnlyForDeploymentPostprocessing = 0;
			shellPath = /bin/sh;
			shellScript = "\"${SRCROOT}/Pods/Target Support Files/Pods-DownloadManagerTests/Pods-DownloadManagerTests-resources.sh\"\n";
			showEnvVarsInLog = 0;
		};
		1DBB635B7F28A21EE5DF99DE /* [CP] Check Pods Manifest.lock */ = {
			isa = PBXShellScriptBuildPhase;
			buildActionMask = 2147483647;
			files = (
			);
			inputPaths = (
			);
			name = "[CP] Check Pods Manifest.lock";
			outputPaths = (
			);
			runOnlyForDeploymentPostprocessing = 0;
			shellPath = /bin/sh;
			shellScript = "diff \"${PODS_PODFILE_DIR_PATH}/Podfile.lock\" \"${PODS_ROOT}/Manifest.lock\" > /dev/null\nif [ $? != 0 ] ; then\n    # print error to STDERR\n    echo \"error: The sandbox is not in sync with the Podfile.lock. Run 'pod install' or update your CocoaPods installation.\" >&2\n    exit 1\nfi\n";
			showEnvVarsInLog = 0;
		};
		5181E7F1A5DEAC64327DFE22 /* [CP] Embed Pods Frameworks */ = {
			isa = PBXShellScriptBuildPhase;
			buildActionMask = 2147483647;
			files = (
			);
			inputPaths = (
			);
			name = "[CP] Embed Pods Frameworks";
			outputPaths = (
			);
			runOnlyForDeploymentPostprocessing = 0;
			shellPath = /bin/sh;
			shellScript = "\"${SRCROOT}/Pods/Target Support Files/Pods-DownloadManager/Pods-DownloadManager-frameworks.sh\"\n";
			showEnvVarsInLog = 0;
		};
		78BBB6D5D6D9954D9BCDE2EA /* [CP] Copy Pods Resources */ = {
			isa = PBXShellScriptBuildPhase;
			buildActionMask = 2147483647;
			files = (
			);
			inputPaths = (
			);
			name = "[CP] Copy Pods Resources";
			outputPaths = (
			);
			runOnlyForDeploymentPostprocessing = 0;
			shellPath = /bin/sh;
			shellScript = "\"${SRCROOT}/Pods/Target Support Files/Pods-DownloadManager/Pods-DownloadManager-resources.sh\"\n";
			showEnvVarsInLog = 0;
		};
		7AF5A8149809DF0A2EF4EE71 /* [CP] Check Pods Manifest.lock */ = {
			isa = PBXShellScriptBuildPhase;
			buildActionMask = 2147483647;
			files = (
			);
			inputPaths = (
			);
			name = "[CP] Check Pods Manifest.lock";
			outputPaths = (
			);
			runOnlyForDeploymentPostprocessing = 0;
			shellPath = /bin/sh;
			shellScript = "diff \"${PODS_PODFILE_DIR_PATH}/Podfile.lock\" \"${PODS_ROOT}/Manifest.lock\" > /dev/null\nif [ $? != 0 ] ; then\n    # print error to STDERR\n    echo \"error: The sandbox is not in sync with the Podfile.lock. Run 'pod install' or update your CocoaPods installation.\" >&2\n    exit 1\nfi\n";
			showEnvVarsInLog = 0;
		};
		B277746B26D047A57431923D /* [CP] Embed Pods Frameworks */ = {
			isa = PBXShellScriptBuildPhase;
			buildActionMask = 2147483647;
			files = (
			);
			inputPaths = (
			);
			name = "[CP] Embed Pods Frameworks";
			outputPaths = (
			);
			runOnlyForDeploymentPostprocessing = 0;
			shellPath = /bin/sh;
			shellScript = "\"${SRCROOT}/Pods/Target Support Files/Pods-DownloadManagerTests/Pods-DownloadManagerTests-frameworks.sh\"\n";
			showEnvVarsInLog = 0;
		};
/* End PBXShellScriptBuildPhase section */

/* Begin PBXSourcesBuildPhase section */
		8A7E128B1F0FE60E00D3DCFE /* Sources */ = {
			isa = PBXSourcesBuildPhase;
			buildActionMask = 2147483647;
			files = (
				8A9F06A41F153F9E0027F819 /* LinksManager.swift in Sources */,
				8A5880C21F1F35DC00AC1650 /* Data.xcdatamodeld in Sources */,
				8A9F06A81F154BE70027F819 /* NewViewController.swift in Sources */,
				8A9F06A11F153C640027F819 /* DownloadLinkClass.swift in Sources */,
				8A5880BF1F1D470700AC1650 /* LogsTableViewController.swift in Sources */,
				8A7E12931F0FE60E00D3DCFE /* AppDelegate.swift in Sources */,
			);
			runOnlyForDeploymentPostprocessing = 0;
		};
		8A7E129F1F0FE60E00D3DCFE /* Sources */ = {
			isa = PBXSourcesBuildPhase;
			buildActionMask = 2147483647;
			files = (
				8A7E12A81F0FE60E00D3DCFE /* DownloadManagerTests.swift in Sources */,
			);
			runOnlyForDeploymentPostprocessing = 0;
		};
/* End PBXSourcesBuildPhase section */

/* Begin PBXTargetDependency section */
		8A7E12A51F0FE60E00D3DCFE /* PBXTargetDependency */ = {
			isa = PBXTargetDependency;
			target = 8A7E128E1F0FE60E00D3DCFE /* DownloadManager */;
			targetProxy = 8A7E12A41F0FE60E00D3DCFE /* PBXContainerItemProxy */;
		};
/* End PBXTargetDependency section */

/* Begin PBXVariantGroup section */
		8A7E12961F0FE60E00D3DCFE /* Main.storyboard */ = {
			isa = PBXVariantGroup;
			children = (
				8A7E12971F0FE60E00D3DCFE /* Base */,
			);
			name = Main.storyboard;
			sourceTree = "<group>";
		};
		8A7E129B1F0FE60E00D3DCFE /* LaunchScreen.storyboard */ = {
			isa = PBXVariantGroup;
			children = (
				8A7E129C1F0FE60E00D3DCFE /* Base */,
			);
			name = LaunchScreen.storyboard;
			sourceTree = "<group>";
		};
/* End PBXVariantGroup section */

/* Begin XCBuildConfiguration section */
		8A7E12AA1F0FE60E00D3DCFE /* Debug */ = {
			isa = XCBuildConfiguration;
			buildSettings = {
				ALWAYS_SEARCH_USER_PATHS = NO;
				CLANG_ANALYZER_NONNULL = YES;
				CLANG_ANALYZER_NUMBER_OBJECT_CONVERSION = YES_AGGRESSIVE;
				CLANG_CXX_LANGUAGE_STANDARD = "gnu++0x";
				CLANG_CXX_LIBRARY = "libc++";
				CLANG_ENABLE_MODULES = YES;
				CLANG_ENABLE_OBJC_ARC = YES;
				CLANG_WARN_BOOL_CONVERSION = YES;
				CLANG_WARN_CONSTANT_CONVERSION = YES;
				CLANG_WARN_DIRECT_OBJC_ISA_USAGE = YES_ERROR;
				CLANG_WARN_DOCUMENTATION_COMMENTS = YES;
				CLANG_WARN_EMPTY_BODY = YES;
				CLANG_WARN_ENUM_CONVERSION = YES;
				CLANG_WARN_INFINITE_RECURSION = YES;
				CLANG_WARN_INT_CONVERSION = YES;
				CLANG_WARN_OBJC_ROOT_CLASS = YES_ERROR;
				CLANG_WARN_SUSPICIOUS_MOVE = YES;
				CLANG_WARN_UNREACHABLE_CODE = YES;
				CLANG_WARN__DUPLICATE_METHOD_MATCH = YES;
				"CODE_SIGN_IDENTITY[sdk=iphoneos*]" = "iPhone Developer";
				COPY_PHASE_STRIP = NO;
				DEBUG_INFORMATION_FORMAT = dwarf;
				DEVELOPMENT_TEAM = RGDRCE4A47;
				ENABLE_STRICT_OBJC_MSGSEND = YES;
				ENABLE_TESTABILITY = YES;
				GCC_C_LANGUAGE_STANDARD = gnu99;
				GCC_DYNAMIC_NO_PIC = NO;
				GCC_NO_COMMON_BLOCKS = YES;
				GCC_OPTIMIZATION_LEVEL = 0;
				GCC_PREPROCESSOR_DEFINITIONS = (
					"DEBUG=1",
					"$(inherited)",
				);
				GCC_WARN_64_TO_32_BIT_CONVERSION = YES;
				GCC_WARN_ABOUT_RETURN_TYPE = YES_ERROR;
				GCC_WARN_UNDECLARED_SELECTOR = YES;
				GCC_WARN_UNINITIALIZED_AUTOS = YES_AGGRESSIVE;
				GCC_WARN_UNUSED_FUNCTION = YES;
				GCC_WARN_UNUSED_VARIABLE = YES;
				IPHONEOS_DEPLOYMENT_TARGET = 10.3;
				MTL_ENABLE_DEBUG_INFO = YES;
				ONLY_ACTIVE_ARCH = YES;
				SDKROOT = iphoneos;
				SWIFT_ACTIVE_COMPILATION_CONDITIONS = DEBUG;
				SWIFT_OPTIMIZATION_LEVEL = "-Onone";
			};
			name = Debug;
		};
		8A7E12AB1F0FE60E00D3DCFE /* Release */ = {
			isa = XCBuildConfiguration;
			buildSettings = {
				ALWAYS_SEARCH_USER_PATHS = NO;
				CLANG_ANALYZER_NONNULL = YES;
				CLANG_ANALYZER_NUMBER_OBJECT_CONVERSION = YES_AGGRESSIVE;
				CLANG_CXX_LANGUAGE_STANDARD = "gnu++0x";
				CLANG_CXX_LIBRARY = "libc++";
				CLANG_ENABLE_MODULES = YES;
				CLANG_ENABLE_OBJC_ARC = YES;
				CLANG_WARN_BOOL_CONVERSION = YES;
				CLANG_WARN_CONSTANT_CONVERSION = YES;
				CLANG_WARN_DIRECT_OBJC_ISA_USAGE = YES_ERROR;
				CLANG_WARN_DOCUMENTATION_COMMENTS = YES;
				CLANG_WARN_EMPTY_BODY = YES;
				CLANG_WARN_ENUM_CONVERSION = YES;
				CLANG_WARN_INFINITE_RECURSION = YES;
				CLANG_WARN_INT_CONVERSION = YES;
				CLANG_WARN_OBJC_ROOT_CLASS = YES_ERROR;
				CLANG_WARN_SUSPICIOUS_MOVE = YES;
				CLANG_WARN_UNREACHABLE_CODE = YES;
				CLANG_WARN__DUPLICATE_METHOD_MATCH = YES;
				"CODE_SIGN_IDENTITY[sdk=iphoneos*]" = "iPhone Developer";
				COPY_PHASE_STRIP = NO;
				DEBUG_INFORMATION_FORMAT = "dwarf-with-dsym";
				DEVELOPMENT_TEAM = RGDRCE4A47;
				ENABLE_NS_ASSERTIONS = NO;
				ENABLE_STRICT_OBJC_MSGSEND = YES;
				GCC_C_LANGUAGE_STANDARD = gnu99;
				GCC_NO_COMMON_BLOCKS = YES;
				GCC_WARN_64_TO_32_BIT_CONVERSION = YES;
				GCC_WARN_ABOUT_RETURN_TYPE = YES_ERROR;
				GCC_WARN_UNDECLARED_SELECTOR = YES;
				GCC_WARN_UNINITIALIZED_AUTOS = YES_AGGRESSIVE;
				GCC_WARN_UNUSED_FUNCTION = YES;
				GCC_WARN_UNUSED_VARIABLE = YES;
				IPHONEOS_DEPLOYMENT_TARGET = 10.3;
				MTL_ENABLE_DEBUG_INFO = NO;
				SDKROOT = iphoneos;
				SWIFT_OPTIMIZATION_LEVEL = "-Owholemodule";
				VALIDATE_PRODUCT = YES;
			};
			name = Release;
		};
		8A7E12AD1F0FE60E00D3DCFE /* Debug */ = {
			isa = XCBuildConfiguration;
			baseConfigurationReference = 2535017BD110F2717BD04E80 /* Pods-DownloadManager.debug.xcconfig */;
			buildSettings = {
				ASSETCATALOG_COMPILER_APPICON_NAME = AppIcon;
				"CODE_SIGN_IDENTITY[sdk=iphoneos*]" = "iPhone Developer";
				DEFINES_MODULE = NO;
				DEVELOPMENT_TEAM = RGDRCE4A47;
				FRAMEWORK_SEARCH_PATHS = (
					"$(inherited)",
					"$(PROJECT_DIR)",
				);
				INFOPLIST_FILE = DownloadManager/Info.plist;
				LD_RUNPATH_SEARCH_PATHS = "$(inherited) @executable_path/Frameworks";
				LIBRARY_SEARCH_PATHS = (
					"$(inherited)",
					"$(PROJECT_DIR)",
				);
				PRODUCT_BUNDLE_IDENTIFIER = com.mobileiron.PS.DownloadManager;
				PRODUCT_NAME = "$(TARGET_NAME)";
				PROVISIONING_PROFILE = "";
				PROVISIONING_PROFILE_SPECIFIER = "";
				SWIFT_OBJC_BRIDGING_HEADER = "$(PROJECT_DIR)/$(PROJECT_NAME)/$(PROJECT_NAME)-Bridging-Header.h";
				SWIFT_VERSION = 3.0;
			};
			name = Debug;
		};
		8A7E12AE1F0FE60E00D3DCFE /* Release */ = {
			isa = XCBuildConfiguration;
			baseConfigurationReference = 91C61BF2773C8D771F21A152 /* Pods-DownloadManager.release.xcconfig */;
			buildSettings = {
				ASSETCATALOG_COMPILER_APPICON_NAME = AppIcon;
				"CODE_SIGN_IDENTITY[sdk=iphoneos*]" = "iPhone Developer";
				DEFINES_MODULE = NO;
				DEVELOPMENT_TEAM = RGDRCE4A47;
				FRAMEWORK_SEARCH_PATHS = (
					"$(inherited)",
					"$(PROJECT_DIR)",
				);
				INFOPLIST_FILE = DownloadManager/Info.plist;
				LD_RUNPATH_SEARCH_PATHS = "$(inherited) @executable_path/Frameworks";
				LIBRARY_SEARCH_PATHS = (
					"$(inherited)",
					"$(PROJECT_DIR)",
				);
				PRODUCT_BUNDLE_IDENTIFIER = com.mobileiron.PS.DownloadManager;
				PRODUCT_NAME = "$(TARGET_NAME)";
				PROVISIONING_PROFILE = "";
				PROVISIONING_PROFILE_SPECIFIER = "";
				SWIFT_OBJC_BRIDGING_HEADER = "$(PROJECT_DIR)/$(PROJECT_NAME)/$(PROJECT_NAME)-Bridging-Header.h";
				SWIFT_VERSION = 3.0;
			};
			name = Release;
		};
		8A7E12B01F0FE60E00D3DCFE /* Debug */ = {
			isa = XCBuildConfiguration;
			baseConfigurationReference = 9AB1AC488AF97E0364C240C8 /* Pods-DownloadManagerTests.debug.xcconfig */;
			buildSettings = {
				ALWAYS_EMBED_SWIFT_STANDARD_LIBRARIES = YES;
				BUNDLE_LOADER = "$(TEST_HOST)";
				DEVELOPMENT_TEAM = U7Y43S7H46;
				INFOPLIST_FILE = DownloadManagerTests/Info.plist;
				LD_RUNPATH_SEARCH_PATHS = "$(inherited) @executable_path/Frameworks @loader_path/Frameworks";
				PRODUCT_BUNDLE_IDENTIFIER = com.cruzcid.DownloadManagerTests;
				PRODUCT_NAME = "$(TARGET_NAME)";
				SWIFT_VERSION = 3.0;
				TEST_HOST = "$(BUILT_PRODUCTS_DIR)/DownloadManager.app/DownloadManager";
			};
			name = Debug;
		};
		8A7E12B11F0FE60E00D3DCFE /* Release */ = {
			isa = XCBuildConfiguration;
			baseConfigurationReference = 727322D5832826274077288D /* Pods-DownloadManagerTests.release.xcconfig */;
			buildSettings = {
				ALWAYS_EMBED_SWIFT_STANDARD_LIBRARIES = YES;
				BUNDLE_LOADER = "$(TEST_HOST)";
				DEVELOPMENT_TEAM = U7Y43S7H46;
				INFOPLIST_FILE = DownloadManagerTests/Info.plist;
				LD_RUNPATH_SEARCH_PATHS = "$(inherited) @executable_path/Frameworks @loader_path/Frameworks";
				PRODUCT_BUNDLE_IDENTIFIER = com.cruzcid.DownloadManagerTests;
				PRODUCT_NAME = "$(TARGET_NAME)";
				SWIFT_VERSION = 3.0;
				TEST_HOST = "$(BUILT_PRODUCTS_DIR)/DownloadManager.app/DownloadManager";
			};
			name = Release;
		};
/* End XCBuildConfiguration section */

/* Begin XCConfigurationList section */
		8A7E128A1F0FE60E00D3DCFE /* Build configuration list for PBXProject "DownloadManager" */ = {
			isa = XCConfigurationList;
			buildConfigurations = (
				8A7E12AA1F0FE60E00D3DCFE /* Debug */,
				8A7E12AB1F0FE60E00D3DCFE /* Release */,
			);
			defaultConfigurationIsVisible = 0;
			defaultConfigurationName = Release;
		};
		8A7E12AC1F0FE60E00D3DCFE /* Build configuration list for PBXNativeTarget "DownloadManager" */ = {
			isa = XCConfigurationList;
			buildConfigurations = (
				8A7E12AD1F0FE60E00D3DCFE /* Debug */,
				8A7E12AE1F0FE60E00D3DCFE /* Release */,
			);
			defaultConfigurationIsVisible = 0;
			defaultConfigurationName = Release;
		};
		8A7E12AF1F0FE60E00D3DCFE /* Build configuration list for PBXNativeTarget "DownloadManagerTests" */ = {
			isa = XCConfigurationList;
			buildConfigurations = (
				8A7E12B01F0FE60E00D3DCFE /* Debug */,
				8A7E12B11F0FE60E00D3DCFE /* Release */,
			);
			defaultConfigurationIsVisible = 0;
			defaultConfigurationName = Release;
		};
/* End XCConfigurationList section */

/* Begin XCVersionGroup section */
		8A5880C01F1F35DC00AC1650 /* Data.xcdatamodeld */ = {
			isa = XCVersionGroup;
			children = (
				8A5880C11F1F35DC00AC1650 /* Data.xcdatamodel */,
			);
			currentVersion = 8A5880C11F1F35DC00AC1650 /* Data.xcdatamodel */;
			path = Data.xcdatamodeld;
			sourceTree = "<group>";
			versionGroupType = wrapper.xcdatamodel;
		};
/* End XCVersionGroup section */
	};
	rootObject = 8A7E12871F0FE60E00D3DCFE /* Project object */;
}
